
Microsoft Visual Studio Solution File, Format Version 12.00
# Visual Studio Version 16
VisualStudioVersion = 16.0.32413.511
MinimumVisualStudioVersion = 10.0.40219.1
Project("{FAE04EC0-301F-11D3-BF4B-00C04F79EFBC}") = "Number of Operations to Make Network Connected", "Number of Operations to Make Network Connected\Number of Operations to Make Network Connected.csproj", "{2B2100B9-D921-48BA-825D-E97B6E95E19A}"
EndProject
Global
	GlobalSection(SolutionConfigurationPlatforms) = preSolution
		Debug|Any CPU = Debug|Any CPU
		Release|Any CPU = Release|Any CPU
	EndGlobalSection
	GlobalSection(ProjectConfigurationPlatforms) = postSolution
		{2B2100B9-D921-48BA-825D-E97B6E95E19A}.Debug|Any CPU.ActiveCfg = Debug|Any CPU
		{2B2100B9-D921-48BA-825D-E97B6E95E19A}.Debug|Any CPU.Build.0 = Debug|Any CPU
		{2B2100B9-D921-48BA-825D-E97B6E95E19A}.Release|Any CPU.ActiveCfg = Release|Any CPU
		{2B2100B9-D921-48BA-825D-E97B6E95E19A}.Release|Any CPU.Build.0 = Release|Any CPU
	EndGlobalSection
	GlobalSection(SolutionProperties) = preSolution
		HideSolutionNode = FALSE
	EndGlobalSection
	GlobalSection(ExtensibilityGlobals) = postSolution
		SolutionGuid = {9F045D09-33E6-4A57-A033-3CC614015946}
	EndGlobalSection
EndGlobal
